
Microsoft Visual Studio Solution File, Format Version 12.00
# Visual Studio Version 16
VisualStudioVersion = 16.0.30804.86
MinimumVisualStudioVersion = 10.0.40219.1
Project("{FAE04EC0-301F-11D3-BF4B-00C04F79EFBC}") = "Surveying", "Surveying\Surveying.csproj", "{2C43DD90-E69E-406A-86C2-3CA2DC255C76}"
EndProject
Global
	GlobalSection(SolutionConfigurationPlatforms) = preSolution
		Debug|Any CPU = Debug|Any CPU
		Release|Any CPU = Release|Any CPU
	EndGlobalSection
	GlobalSection(ProjectConfigurationPlatforms) = postSolution
		{2C43DD90-E69E-406A-86C2-3CA2DC255C76}.Debug|Any CPU.ActiveCfg = Debug|Any CPU
		{2C43DD90-E69E-406A-86C2-3CA2DC255C76}.Debug|Any CPU.Build.0 = Debug|Any CPU
		{2C43DD90-E69E-406A-86C2-3CA2DC255C76}.Release|Any CPU.ActiveCfg = Release|Any CPU
		{2C43DD90-E69E-406A-86C2-3CA2DC255C76}.Release|Any CPU.Build.0 = Release|Any CPU
	EndGlobalSection
	GlobalSection(SolutionProperties) = preSolution
		HideSolutionNode = FALSE
	EndGlobalSection
	GlobalSection(ExtensibilityGlobals) = postSolution
		SolutionGuid = {AAC77C82-24A8-46EB-A482-F755F82AA5C8}
	EndGlobalSection
EndGlobal
